
Microsoft Visual Studio Solution File, Format Version 12.00
# Visual Studio Version 17
VisualStudioVersion = 17.1.32228.430
MinimumVisualStudioVersion = 10.0.40219.1
Project("{9A19103F-16F7-4668-BE54-9A1E7A4F7556}") = "ChartWin", "src\System.Windows.Forms.DataVisualization\ChartWin.csproj", "{1944C3B0-C641-419D-AE92-A96DD39B7C4F}"
EndProject
Project("{9A19103F-16F7-4668-BE54-9A1E7A4F7556}") = "ChartSamples", "sample\ChartSamples\ChartSamples.csproj", "{E895DC8D-9781-4B0C-A792-11A0989CE720}"
EndProject
Project("{9A19103F-16F7-4668-BE54-9A1E7A4F7556}") = "Tests", "src\Tests\Tests.csproj", "{E8E8B63C-4D8D-4986-A8F1-B7B84326321C}"
EndProject
Project("{9A19103F-16F7-4668-BE54-9A1E7A4F7556}") = "DesignerTest", "DesignerTest\DesignerTest.csproj", "{E30E4A24-0CC6-4746-80CF-9450B2D936A8}"
	ProjectSection(ProjectDependencies) = postProject
		{1944C3B0-C641-419D-AE92-A96DD39B7C4F} = {1944C3B0-C641-419D-AE92-A96DD39B7C4F}
		{C286B51C-AAAF-4435-B570-E56684515163} = {C286B51C-AAAF-4435-B570-E56684515163}
		{DA8C1977-F670-412F-8008-988C891F0AD9} = {DA8C1977-F670-412F-8008-988C891F0AD9}
	EndProjectSection
EndProject
Project("{2150E333-8FDC-42A3-9474-1A3956D46DE8}") = "Solution Items", "Solution Items", "{B4ABEB3E-A423-424E-8C55-D8125CD861EF}"
	ProjectSection(SolutionItems) = preProject
		.editorconfig = .editorconfig
		Directory.Build.props = Directory.Build.props
		Directory.Build.targets = Directory.Build.targets
		NuGet.config = NuGet.config
	EndProjectSection
EndProject
Project("{9A19103F-16F7-4668-BE54-9A1E7A4F7556}") = "DataVisualization.Client", "src\WinForms.DataVisualization.Designer.Client\DataVisualization.Client.csproj", "{C286B51C-AAAF-4435-B570-E56684515163}"
EndProject
Project("{2150E333-8FDC-42A3-9474-1A3956D46DE8}") = "Designer", "Designer", "{41408BB5-9030-4EE5-8CF8-5F42BC1C877B}"
EndProject
Project("{9A19103F-16F7-4668-BE54-9A1E7A4F7556}") = "DataVisualization.Package", "src\WinForms.DataVisualization.Package\DataVisualization.Package.csproj", "{DA8C1977-F670-412F-8008-988C891F0AD9}"
	ProjectSection(ProjectDependencies) = postProject
		{1944C3B0-C641-419D-AE92-A96DD39B7C4F} = {1944C3B0-C641-419D-AE92-A96DD39B7C4F}
		{C286B51C-AAAF-4435-B570-E56684515163} = {C286B51C-AAAF-4435-B570-E56684515163}
	EndProjectSection
EndProject
Project("{9A19103F-16F7-4668-BE54-9A1E7A4F7556}") = "DataVisualization.Server", "src\WinForms.DataVisualization.Designer.Server\DataVisualization.Server.csproj", "{634087C7-428C-4772-8E17-A84E48EB5C03}"
EndProject
Global
	GlobalSection(SolutionConfigurationPlatforms) = preSolution
		Debug|Any CPU = Debug|Any CPU
		Release|Any CPU = Release|Any CPU
	EndGlobalSection
	GlobalSection(ProjectConfigurationPlatforms) = postSolution
		{1944C3B0-C641-419D-AE92-A96DD39B7C4F}.Debug|Any CPU.ActiveCfg = Debug|Any CPU
		{1944C3B0-C641-419D-AE92-A96DD39B7C4F}.Debug|Any CPU.Build.0 = Debug|Any CPU
		{1944C3B0-C641-419D-AE92-A96DD39B7C4F}.Release|Any CPU.ActiveCfg = Release|Any CPU
		{1944C3B0-C641-419D-AE92-A96DD39B7C4F}.Release|Any CPU.Build.0 = Release|Any CPU
		{E895DC8D-9781-4B0C-A792-11A0989CE720}.Debug|Any CPU.ActiveCfg = Debug|Any CPU
		{E895DC8D-9781-4B0C-A792-11A0989CE720}.Debug|Any CPU.Build.0 = Debug|Any CPU
		{E895DC8D-9781-4B0C-A792-11A0989CE720}.Release|Any CPU.ActiveCfg = Release|Any CPU
		{E895DC8D-9781-4B0C-A792-11A0989CE720}.Release|Any CPU.Build.0 = Release|Any CPU
		{E8E8B63C-4D8D-4986-A8F1-B7B84326321C}.Debug|Any CPU.ActiveCfg = Debug|Any CPU
		{E8E8B63C-4D8D-4986-A8F1-B7B84326321C}.Debug|Any CPU.Build.0 = Debug|Any CPU
		{E8E8B63C-4D8D-4986-A8F1-B7B84326321C}.Release|Any CPU.ActiveCfg = Release|Any CPU
		{E8E8B63C-4D8D-4986-A8F1-B7B84326321C}.Release|Any CPU.Build.0 = Release|Any CPU
		{E30E4A24-0CC6-4746-80CF-9450B2D936A8}.Debug|Any CPU.ActiveCfg = Debug|Any CPU
		{E30E4A24-0CC6-4746-80CF-9450B2D936A8}.Debug|Any CPU.Build.0 = Debug|Any CPU
		{E30E4A24-0CC6-4746-80CF-9450B2D936A8}.Release|Any CPU.ActiveCfg = Release|Any CPU
		{E30E4A24-0CC6-4746-80CF-9450B2D936A8}.Release|Any CPU.Build.0 = Release|Any CPU
		{C286B51C-AAAF-4435-B570-E56684515163}.Debug|Any CPU.ActiveCfg = Debug|Any CPU
		{C286B51C-AAAF-4435-B570-E56684515163}.Debug|Any CPU.Build.0 = Debug|Any CPU
		{C286B51C-AAAF-4435-B570-E56684515163}.Release|Any CPU.ActiveCfg = Release|Any CPU
		{C286B51C-AAAF-4435-B570-E56684515163}.Release|Any CPU.Build.0 = Release|Any CPU
		{DA8C1977-F670-412F-8008-988C891F0AD9}.Debug|Any CPU.ActiveCfg = Debug|Any CPU
		{DA8C1977-F670-412F-8008-988C891F0AD9}.Debug|Any CPU.Build.0 = Debug|Any CPU
		{DA8C1977-F670-412F-8008-988C891F0AD9}.Release|Any CPU.ActiveCfg = Release|Any CPU
		{DA8C1977-F670-412F-8008-988C891F0AD9}.Release|Any CPU.Build.0 = Release|Any CPU
		{634087C7-428C-4772-8E17-A84E48EB5C03}.Debug|Any CPU.ActiveCfg = Debug|Any CPU
		{634087C7-428C-4772-8E17-A84E48EB5C03}.Debug|Any CPU.Build.0 = Debug|Any CPU
		{634087C7-428C-4772-8E17-A84E48EB5C03}.Release|Any CPU.ActiveCfg = Release|Any CPU
		{634087C7-428C-4772-8E17-A84E48EB5C03}.Release|Any CPU.Build.0 = Release|Any CPU
	EndGlobalSection
	GlobalSection(SolutionProperties) = preSolution
		HideSolutionNode = FALSE
	EndGlobalSection
	GlobalSection(NestedProjects) = preSolution
		{C286B51C-AAAF-4435-B570-E56684515163} = {41408BB5-9030-4EE5-8CF8-5F42BC1C877B}
		{634087C7-428C-4772-8E17-A84E48EB5C03} = {41408BB5-9030-4EE5-8CF8-5F42BC1C877B}
	EndGlobalSection
	GlobalSection(ExtensibilityGlobals) = postSolution
		SolutionGuid = {9197CCA8-9853-4465-BBEC-C5FA3BB7008E}
	EndGlobalSection
EndGlobal
